
Microsoft Visual Studio Solution File, Format Version 12.00
# Visual Studio Version 16
VisualStudioVersion = 16.0.32929.386
MinimumVisualStudioVersion = 10.0.40219.1
Project("{8BC9CEB8-8B4A-11D0-8D11-00A0C91BC942}") = "lizardlearning_", "lizardlearning_\lizardlearning_.vcxproj", "{90A10595-033C-4749-AFE2-345E0DD9F8FA}"
EndProject
Global
	GlobalSection(SolutionConfigurationPlatforms) = preSolution
		Debug|x64 = Debug|x64
		Debug|x86 = Debug|x86
		Release|x64 = Release|x64
		Release|x86 = Release|x86
	EndGlobalSection
	GlobalSection(ProjectConfigurationPlatforms) = postSolution
		{90A10595-033C-4749-AFE2-345E0DD9F8FA}.Debug|x64.ActiveCfg = Debug|x64
		{90A10595-033C-4749-AFE2-345E0DD9F8FA}.Debug|x64.Build.0 = Debug|x64
		{90A10595-033C-4749-AFE2-345E0DD9F8FA}.Debug|x86.ActiveCfg = Debug|Win32
		{90A10595-033C-4749-AFE2-345E0DD9F8FA}.Debug|x86.Build.0 = Debug|Win32
		{90A10595-033C-4749-AFE2-345E0DD9F8FA}.Release|x64.ActiveCfg = Release|x64
		{90A10595-033C-4749-AFE2-345E0DD9F8FA}.Release|x64.Build.0 = Release|x64
		{90A10595-033C-4749-AFE2-345E0DD9F8FA}.Release|x86.ActiveCfg = Release|Win32
		{90A10595-033C-4749-AFE2-345E0DD9F8FA}.Release|x86.Build.0 = Release|Win32
	EndGlobalSection
	GlobalSection(SolutionProperties) = preSolution
		HideSolutionNode = FALSE
	EndGlobalSection
	GlobalSection(ExtensibilityGlobals) = postSolution
		SolutionGuid = {4E286E5E-EE12-4ACE-86D1-458A4D55EABB}
	EndGlobalSection
EndGlobal
